{
  "name": "verifiable_credentilas",
  "version": "1.0.0",
  "lockfileVersion": 2,
  "requires": true,
  "packages": {
    "": {
      "name": "verifiable_credentilas",
      "version": "1.0.0",
      "license": "ISC",
      "dependencies": {
        "@spruceid/didkit-wasm": "^0.2.1",
        "didkit-wasm-node": "^0.1.6"
      }
    },
    "node_modules/@spruceid/didkit-wasm": {
      "version": "0.2.1",
      "resolved": "https://registry.npmjs.org/@spruceid/didkit-wasm/-/didkit-wasm-0.2.1.tgz",
      "integrity": "sha512-Qi0ZVS2vNA6iVwOzfIdyVQSj1Q88DgV0HyjnQGZ84YsrjaxbCSPwyhZs3TBzUGKwvoyiGCvWohYnL0G3BsPEMQ=="
    },
    "node_modules/didkit-wasm-node": {
      "version": "0.1.6",
      "resolved": "https://registry.npmjs.org/didkit-wasm-node/-/didkit-wasm-node-0.1.6.tgz",
      "integrity": "sha512-qvPd4CyuPTJIlWrcoAPXlMu4247o6lBzpUfNC2cDbzlCaNdXp8WT2v+6IZSG+K1w7ZuLtO+GTHMPDTii22H9fA==",
      "deprecated": "Package no longer supported. Contact Support at https://www.npmjs.com/support for more info."
    }
  },
  "dependencies": {
    "@spruceid/didkit-wasm": {
      "version": "0.2.1",
      "resolved": "https://registry.npmjs.org/@spruceid/didkit-wasm/-/didkit-wasm-0.2.1.tgz",
      "integrity": "sha512-Qi0ZVS2vNA6iVwOzfIdyVQSj1Q88DgV0HyjnQGZ84YsrjaxbCSPwyhZs3TBzUGKwvoyiGCvWohYnL0G3BsPEMQ=="
    },
    "didkit-wasm-node": {
      "version": "0.1.6",
      "resolved": "https://registry.npmjs.org/didkit-wasm-node/-/didkit-wasm-node-0.1.6.tgz",
      "integrity": "sha512-qvPd4CyuPTJIlWrcoAPXlMu4247o6lBzpUfNC2cDbzlCaNdXp8WT2v+6IZSG+K1w7ZuLtO+GTHMPDTii22H9fA=="
    }
  }
}
